
Microsoft Visual Studio Solution File, Format Version 12.00
# Visual Studio 14
VisualStudioVersion = 14.0.25420.1
MinimumVisualStudioVersion = 10.0.40219.1
Project("{FAE04EC0-301F-11D3-BF4B-00C04F79EFBC}") = "GestionHojasDeVida", "GestionHojasDeVida\GestionHojasDeVida.csproj", "{9EC71568-559A-44AF-BD7E-0104AFAF5F77}"
EndProject
Project("{FAE04EC0-301F-11D3-BF4B-00C04F79EFBC}") = "GestionHojasDeVida.Tests", "GestionHojasDeVida.Tests\GestionHojasDeVida.Tests.csproj", "{0183B655-7F25-46D8-92B0-0F8D965AB029}"
EndProject
Global
	GlobalSection(SolutionConfigurationPlatforms) = preSolution
		Debug|Any CPU = Debug|Any CPU
		Release|Any CPU = Release|Any CPU
	EndGlobalSection
	GlobalSection(ProjectConfigurationPlatforms) = postSolution
		{9EC71568-559A-44AF-BD7E-0104AFAF5F77}.Debug|Any CPU.ActiveCfg = Debug|Any CPU
		{9EC71568-559A-44AF-BD7E-0104AFAF5F77}.Debug|Any CPU.Build.0 = Debug|Any CPU
		{9EC71568-559A-44AF-BD7E-0104AFAF5F77}.Release|Any CPU.ActiveCfg = Release|Any CPU
		{9EC71568-559A-44AF-BD7E-0104AFAF5F77}.Release|Any CPU.Build.0 = Release|Any CPU
		{0183B655-7F25-46D8-92B0-0F8D965AB029}.Debug|Any CPU.ActiveCfg = Debug|Any CPU
		{0183B655-7F25-46D8-92B0-0F8D965AB029}.Debug|Any CPU.Build.0 = Debug|Any CPU
		{0183B655-7F25-46D8-92B0-0F8D965AB029}.Release|Any CPU.ActiveCfg = Release|Any CPU
		{0183B655-7F25-46D8-92B0-0F8D965AB029}.Release|Any CPU.Build.0 = Release|Any CPU
	EndGlobalSection
	GlobalSection(SolutionProperties) = preSolution
		HideSolutionNode = FALSE
	EndGlobalSection
EndGlobal
